{
  "object": {
    "pins": [
      {
        "package": "Stevia",
        "repositoryURL": "https://github.com/freshOS/Stevia",
        "state": {
          "branch": null,
          "revision": "87dd17a86240f16788239a78dd8be11c4b013150",
          "version": "4.8.0"
        }
      },
      {
        "package": "Utils",
        "repositoryURL": "https://github.com/LucasBighi/Utils",
        "state": {
          "branch": "develop",
          "revision": "40fe44bf627b1228aca2df9529c3b557ef9a303e",
          "version": null
        }
      }
    ]
  },
  "version": 1
}
